# THIS IS AN AUTOGENERATED FILE. DO NOT EDIT THIS FILE DIRECTLY.
# yarn lockfile v1


is-plain-obj@^1.1.0:
  version "1.1.0"
  resolved "https://registry.yarnpkg.com/is-plain-obj/-/is-plain-obj-1.1.0.tgz#71a50c8429dfca773c92a390a4a03b39fcd51d3e"

merge-options@0.0.64:
  version "0.0.64"
  resolved "https://registry.yarnpkg.com/merge-options/-/merge-options-0.0.64.tgz#cbe04f594a6985eaf27f7f8f0b2a3acf6f9d562d"
  dependencies:
    is-plain-obj "^1.1.0"
